Microsoft Visual Studio Solution File, Format Version 12.00
# Visual Studio Version 17
VisualStudioVersion = 17.14.35906.104
MinimumVisualStudioVersion = 10.0.40219.1
Project("{FAE04EC0-301F-11D3-BF4B-00C04F79EFBC}") = "DuAnBai3", "DuAnBai3\DuAnBai3.csproj", "{E4787B92-A4BD-42CF-80B0-86996A9515EF}"
EndProject
Global
	GlobalSection(SolutionConfigurationPlatforms) = preSolution
		Debug|Any CPU = Debug|Any CPU
		Release|Any CPU = Release|Any CPU
	EndGlobalSection
	GlobalSection(ProjectConfigurationPlatforms) = postSolution
		{E4787B92-A4BD-42CF-80B0-86996A9515EF}.Debug|Any CPU.ActiveCfg = Debug|Any CPU
		{E4787B92-A4BD-42CF-80B0-86996A9515EF}.Debug|Any CPU.Build.0 = Debug|Any CPU
		{E4787B92-A4BD-42CF-80B0-86996A9515EF}.Release|Any CPU.ActiveCfg = Release|Any CPU
		{E4787B92-A4BD-42CF-80B0-86996A9515EF}.Release|Any CPU.Build.0 = Release|Any CPU
	EndGlobalSection
	GlobalSection(SolutionProperties) = preSolution
		HideSolutionNode = FALSE
	EndGlobalSection
	GlobalSection(ExtensibilityGlobals) = postSolution
		SolutionGuid = {5758E7E7-6B3F-4DFB-B57C-A4499B1A99CB}
	EndGlobalSection
EndGlobal
